<?xml version="1.0" encoding="utf-8"?>
<Project ToolsVersion="4.0" xmlns="http://schemas.microsoft.com/developer/msbuild/2003">
  <ItemGroup>
    <Filter Include="Source Files">
      <UniqueIdentifier>{4FC737F1-C7A5-4376-A066-2A32D752A2FF}</UniqueIdentifier>
      <Extensions>cpp;c;cc;cxx;def;odl;idl;hpj;bat;asm;asmx</Extensions>
    </Filter>
    <Filter Include="Header Files">
      <UniqueIdentifier>{93995380-89BD-4b04-88EB-625FBE52EBFB}</UniqueIdentifier>
      <Extensions>h;hh;hpp;hxx;hm;inl;inc;xsd</Extensions>
    </Filter>
    <Filter Include="Resource Files">
      <UniqueIdentifier>{67DA6AB6-F800-4c08-8B7A-83BB121AAD01}</UniqueIdentifier>
      <Extensions>rc;ico;cur;bmp;dlg;rc2;rct;bin;rgs;gif;jpg;jpeg;jpe;resx;tiff;tif;png;wav;mfcribbon-ms</Extensions>
    </Filter>
    <Filter Include="Source Files\Structure">
      <UniqueIdentifier>{fca38344-46b9-44d5-b7ba-58f67a825520}</UniqueIdentifier>
    </Filter>
    <Filter Include="Source Files\Aplikacia">
      <UniqueIdentifier>{81d03aa9-76ab-4387-ace3-f73e79971adc}</UniqueIdentifier>
    </Filter>
    <Filter Include="Header Files\Structure">
      <UniqueIdentifier>{766ed8a5-deeb-4a8b-afb4-7965d4b180b2}</UniqueIdentifier>
    </Filter>
    <Filter Include="Header Files\Aplikacia">
      <UniqueIdentifier>{9bbd2408-c411-4c0b-98da-5fdc7323e1f8}</UniqueIdentifier>
    </Filter>
    <Filter Include="Header Files\Cmp">
      <UniqueIdentifier>{a9212e7b-510a-4f6c-aada-7995f57d962b}</UniqueIdentifier>
    </Filter>
    <Filter Include="Source Files\Cmp">
      <UniqueIdentifier>{38805caa-da3e-4f57-970d-189eb53b03eb}</UniqueIdentifier>
    </Filter>
  </ItemGroup>
  <ItemGroup>
    <ClInclude Include="Okres.h">
      <Filter>Header Files\Aplikacia</Filter>
    </ClInclude>
    <ClInclude Include="Okrsok.h">
      <Filter>Header Files\Aplikacia</Filter>
    </ClInclude>
    <ClInclude Include="Vysledok.h">
      <Filter>Header Files\Aplikacia</Filter>
    </ClInclude>
    <ClInclude Include="CmpOkrskyApp.h">
      <Filter>Header Files\Cmp</Filter>
    </ClInclude>
    <ClInclude Include="CmpOkrskyOkres.h">
      <Filter>Header Files\Cmp</Filter>
    </ClInclude>
    <ClInclude Include="CmpStrany.h">
      <Filter>Header Files\Cmp</Filter>
    </ClInclude>
    <ClInclude Include="Comparator.h">
      <Filter>Header Files\Cmp</Filter>
    </ClInclude>
    <ClInclude Include="Array.h">
      <Filter>Header Files\Structure</Filter>
    </ClInclude>
    <ClInclude Include="ArrayList.h">
      <Filter>Header Files\Structure</Filter>
    </ClInclude>
    <ClInclude Include="DSRoutines.h">
      <Filter>Header Files\Structure</Filter>
    </ClInclude>
    <ClInclude Include="Iterator.h">
      <Filter>Header Files\Structure</Filter>
    </ClInclude>
    <ClInclude Include="List.h">
      <Filter>Header Files\Structure</Filter>
    </ClInclude>
    <ClInclude Include="SortableTable.h">
      <Filter>Header Files\Structure</Filter>
    </ClInclude>
    <ClInclude Include="Structure.h">
      <Filter>Header Files\Structure</Filter>
    </ClInclude>
    <ClInclude Include="StructureItem.h">
      <Filter>Header Files\Structure</Filter>
    </ClInclude>
    <ClInclude Include="Table.h">
      <Filter>Header Files\Structure</Filter>
    </ClInclude>
    <ClInclude Include="TableList.h">
      <Filter>Header Files\Structure</Filter>
    </ClInclude>
    <ClInclude Include="TableSorted.h">
      <Filter>Header Files\Structure</Filter>
    </ClInclude>
    <ClInclude Include="TableUnsorted.h">
      <Filter>Header Files\Structure</Filter>
    </ClInclude>
    <ClInclude Include="Vector.h">
      <Filter>Header Files\Structure</Filter>
    </ClInclude>
    <ClInclude Include="Strana.h">
      <Filter>Header Files\Aplikacia</Filter>
    </ClInclude>
    <ClInclude Include="Parser.h">
      <Filter>Header Files\Cmp</Filter>
    </ClInclude>
    <ClInclude Include="Kandidat.h">
      <Filter>Header Files\Aplikacia</Filter>
    </ClInclude>
    <ClInclude Include="Aplikacia.h">
      <Filter>Header Files\Aplikacia</Filter>
    </ClInclude>
  </ItemGroup>
  <ItemGroup>
    <ClCompile Include="Okres.cpp">
      <Filter>Source Files\Aplikacia</Filter>
    </ClCompile>
    <ClCompile Include="Okrsok.cpp">
      <Filter>Source Files\Aplikacia</Filter>
    </ClCompile>
    <ClCompile Include="Strana.cpp">
      <Filter>Source Files\Aplikacia</Filter>
    </ClCompile>
    <ClCompile Include="Vysledok.cpp">
      <Filter>Source Files\Aplikacia</Filter>
    </ClCompile>
    <ClCompile Include="CmpOkrskyApp.cpp">
      <Filter>Source Files\Cmp</Filter>
    </ClCompile>
    <ClCompile Include="CmpOkrskyOkres.cpp">
      <Filter>Source Files\Cmp</Filter>
    </ClCompile>
    <ClCompile Include="CmpStrany.cpp">
      <Filter>Source Files\Cmp</Filter>
    </ClCompile>
    <ClCompile Include="DSRoutines.cpp">
      <Filter>Source Files\Structure</Filter>
    </ClCompile>
    <ClCompile Include="Structure.cpp">
      <Filter>Source Files\Structure</Filter>
    </ClCompile>
    <ClCompile Include="Vector.cpp">
      <Filter>Source Files\Structure</Filter>
    </ClCompile>
    <ClCompile Include="Parser.cpp">
      <Filter>Source Files\Cmp</Filter>
    </ClCompile>
    <ClCompile Include="main.cpp">
      <Filter>Source Files</Filter>
    </ClCompile>
    <ClCompile Include="Kandidat.cpp">
      <Filter>Source Files\Aplikacia</Filter>
    </ClCompile>
    <ClCompile Include="Aplikacia.cpp">
      <Filter>Source Files\Aplikacia</Filter>
    </ClCompile>
  </ItemGroup>
  <ItemGroup>
    <None Include="ClassDiagram.cd" />
    <None Include="ClassDiagram1.cd" />
  </ItemGroup>
</Project>